{
  "nodes": {
    "crane": {
      "locked": {
        "lastModified": 1767319442,
        "narHash": "sha256-TXsJUc+nZflFGWLopUxHwdlxYY+ucxbF5IAPLEX5tc4=",
        "owner": "ipetkov",
        "repo": "crane",
        "rev": "607c91ce75d63ea52731933c5396649b9d08284c",
        "type": "github"
      },
      "original": {
        "owner": "ipetkov",
        "repo": "crane",
        "type": "github"
      }
    },
    "home-manager": {
      "inputs": {
        "nixpkgs": [
          "system-flake",
          "nixpkgs"
        ]
      },
      "locked": {
        "lastModified": 1765202646,
        "narHash": "sha256-Cgceqa+xPgI8JiS1fMaviGw4dthTeW2RqE6RUR4OcS8=",
        "owner": "nix-community",
        "repo": "home-manager",
        "rev": "caa47b637d877124ac891a64abc14de09fce1675",
        "type": "github"
      },
      "original": {
        "owner": "nix-community",
        "repo": "home-manager",
        "type": "github"
      }
    },
    "nixos-hardware": {
      "locked": {
        "lastModified": 1764440730,
        "narHash": "sha256-ZlJTNLUKQRANlLDomuRWLBCH5792x+6XUJ4YdFRjtO4=",
        "owner": "NixOS",
        "repo": "nixos-hardware",
        "rev": "9154f4569b6cdfd3c595851a6ba51bfaa472d9f3",
        "type": "github"
      },
      "original": {
        "owner": "NixOS",
        "repo": "nixos-hardware",
        "type": "github"
      }
    },
    "nixpkgs": {
      "locked": {
        "lastModified": 1764950072,
        "narHash": "sha256-BmPWzogsG2GsXZtlT+MTcAWeDK5hkbGRZTeZNW42fwA=",
        "owner": "nixos",
        "repo": "nixpkgs",
        "rev": "f61125a668a320878494449750330ca58b78c557",
        "type": "github"
      },
      "original": {
        "owner": "nixos",
        "ref": "nixos-unstable",
        "repo": "nixpkgs",
        "type": "github"
      }
    },
    "plasma-manager": {
      "inputs": {
        "home-manager": [
          "system-flake",
          "home-manager"
        ],
        "nixpkgs": [
          "system-flake",
          "nixpkgs"
        ]
      },
      "locked": {
        "lastModified": 1763909441,
        "narHash": "sha256-56LwV51TX/FhgX+5LCG6akQ5KrOWuKgcJa+eUsRMxsc=",
        "owner": "nix-community",
        "repo": "plasma-manager",
        "rev": "b24ed4b272256dfc1cc2291f89a9821d5f9e14b4",
        "type": "github"
      },
      "original": {
        "owner": "nix-community",
        "repo": "plasma-manager",
        "type": "github"
      }
    },
    "root": {
      "inputs": {
        "crane": "crane",
        "nixpkgs": [
          "system-flake",
          "nixpkgs"
        ],
        "system-flake": "system-flake"
      }
    },
    "system-flake": {
      "inputs": {
        "home-manager": "home-manager",
        "nixos-hardware": "nixos-hardware",
        "nixpkgs": "nixpkgs",
        "plasma-manager": "plasma-manager"
      },
      "locked": {
        "lastModified": 1765355725,
        "narHash": "sha256-yNzOmZ2DZNHF/nioxxxfLsjDMCtOzBWz4nQWO5bie+8=",
        "ref": "refs/heads/main",
        "rev": "57ae3c02f78e6f579a1a55e592bdafb5469892d2",
        "revCount": 397,
        "type": "git",
        "url": "ssh://git@github.com/Zenkazio/.store.git"
      },
      "original": {
        "type": "git",
        "url": "ssh://git@github.com/Zenkazio/.store.git"
      }
    }
  },
  "root": "root",
  "version": 7
}
